
Microsoft Visual Studio Solution File, Format Version 12.00
# Visual Studio Version 17
VisualStudioVersion = 17.10.35013.160
MinimumVisualStudioVersion = 10.0.40219.1
Project("{FAE04EC0-301F-11D3-BF4B-00C04F79EFBC}") = "E_Commerce", "E_Commerce.csproj", "{C6FB69BD-315D-45DD-800D-5C2FF1FC72DB}"
EndProject
Global
	GlobalSection(SolutionConfigurationPlatforms) = preSolution
		Debug|Any CPU = Debug|Any CPU
		Release|Any CPU = Release|Any CPU
	EndGlobalSection
	GlobalSection(ProjectConfigurationPlatforms) = postSolution
		{C6FB69BD-315D-45DD-800D-5C2FF1FC72DB}.Debug|Any CPU.ActiveCfg = Debug|Any CPU
		{C6FB69BD-315D-45DD-800D-5C2FF1FC72DB}.Debug|Any CPU.Build.0 = Debug|Any CPU
		{C6FB69BD-315D-45DD-800D-5C2FF1FC72DB}.Release|Any CPU.ActiveCfg = Release|Any CPU
		{C6FB69BD-315D-45DD-800D-5C2FF1FC72DB}.Release|Any CPU.Build.0 = Release|Any CPU
	EndGlobalSection
	GlobalSection(SolutionProperties) = preSolution
		HideSolutionNode = FALSE
	EndGlobalSection
	GlobalSection(ExtensibilityGlobals) = postSolution
		SolutionGuid = {A7CB4045-72AD-4CD4-A010-3340C79693B9}
	EndGlobalSection
EndGlobal
